
Microsoft Visual Studio Solution File, Format Version 12.00
# Visual Studio Version 16
VisualStudioVersion = 16.0.36324.18
MinimumVisualStudioVersion = 10.0.40219.1
Project("{FAE04EC0-301F-11D3-BF4B-00C04F79EFBC}") = "LibraryMangement", "LibraryMangement\LibraryMangement.csproj", "{9EC417AE-155D-425C-AEE9-9D02BF54AB07}"
EndProject
Global
	GlobalSection(SolutionConfigurationPlatforms) = preSolution
		Debug|Any CPU = Debug|Any CPU
		Release|Any CPU = Release|Any CPU
	EndGlobalSection
	GlobalSection(ProjectConfigurationPlatforms) = postSolution
		{9EC417AE-155D-425C-AEE9-9D02BF54AB07}.Debug|Any CPU.ActiveCfg = Debug|Any CPU
		{9EC417AE-155D-425C-AEE9-9D02BF54AB07}.Debug|Any CPU.Build.0 = Debug|Any CPU
		{9EC417AE-155D-425C-AEE9-9D02BF54AB07}.Release|Any CPU.ActiveCfg = Release|Any CPU
		{9EC417AE-155D-425C-AEE9-9D02BF54AB07}.Release|Any CPU.Build.0 = Release|Any CPU
	EndGlobalSection
	GlobalSection(SolutionProperties) = preSolution
		HideSolutionNode = FALSE
	EndGlobalSection
	GlobalSection(ExtensibilityGlobals) = postSolution
		SolutionGuid = {B018D9F0-8968-45A6-978D-881B7E488558}
	EndGlobalSection
EndGlobal
